
Microsoft Visual Studio Solution File, Format Version 12.00
Project("{FAE04EC0-301F-11D3-BF4B-00C04F79EFBC}") = "UTMO.Text.FileGenerator.Provider.DSC", "UTMO.Text.FileGenerator.Provider.DSC\UTMO.Text.FileGenerator.Provider.DSC.csproj", "{3E277A05-8409-4FEF-8480-B6A0AABFF73E}"
EndProject
Project("{2150E333-8FDC-42A3-9474-1A3956D46DE8}") = ".pipelines", ".pipelines", "{013E840A-CF9D-47E2-BB97-139DD815A322}"
	ProjectSection(SolutionItems) = preProject
		..\.pipelines\UTMO.Text.FileGenerator.Provider.DSC-Unified.yml = ..\.pipelines\UTMO.Text.FileGenerator.Provider.DSC-Unified.yml
	EndProjectSection
EndProject
Project("{2150E333-8FDC-42A3-9474-1A3956D46DE8}") = "Definitions", "Definitions", "{28E30D2C-91AA-4DE6-BC65-8802115E151A}"
EndProject
Project("{FAE04EC0-301F-11D3-BF4B-00C04F79EFBC}") = "UTMO.Text.FileGenerator.Provider.DSC.Abstract", "UTMO.Text.FileGenerator.Provider.DSC.Abstract\UTMO.Text.FileGenerator.Provider.DSC.Abstract.csproj", "{744CEBA3-3FD9-4852-BB89-4D7227664BCF}"
EndProject
Project("{FAE04EC0-301F-11D3-BF4B-00C04F79EFBC}") = "UTMO.Text.FileGenerator.Provider.DSC.cChoco", "UTMO.Text.FileGenerator.Provider.DSC.cChoco\UTMO.Text.FileGenerator.Provider.DSC.cChoco.csproj", "{2D45FCA1-1503-4471-926B-27D6457988F3}"
EndProject
Project("{FAE04EC0-301F-11D3-BF4B-00C04F79EFBC}") = "UTMO.Text.FileGenerator.Provider.DSC.WindowsCore", "UTMO.Text.FileGenerator.Provider.DSC.WindowsCore\UTMO.Text.FileGenerator.Provider.DSC.WindowsCore.csproj", "{4C6F0AA2-A1F1-49A6-A2C8-A8D33D36F2DB}"
EndProject
Project("{2150E333-8FDC-42A3-9474-1A3956D46DE8}") = "Solution Folder", "Solution Folder", "{57173640-460A-4A5B-932F-3C91CB0D900A}"
	ProjectSection(SolutionItems) = preProject
		Directory.Packages.props = Directory.Packages.props
	EndProjectSection
EndProject
Project("{FAE04EC0-301F-11D3-BF4B-00C04F79EFBC}") = "UTMO.Text.FileGenerator.Provider.DSC.WinCA", "UTMO.Text.FileGenerator.Provider.DSC.WinCA\UTMO.Text.FileGenerator.Provider.DSC.WinCA.csproj", "{CEB02ADA-9D3F-4AB6-97A0-F98776722477}"
EndProject
Global
	GlobalSection(SolutionConfigurationPlatforms) = preSolution
		Debug|Any CPU = Debug|Any CPU
		Release|Any CPU = Release|Any CPU
	EndGlobalSection
	GlobalSection(ProjectConfigurationPlatforms) = postSolution
		{3E277A05-8409-4FEF-8480-B6A0AABFF73E}.Debug|Any CPU.ActiveCfg = Debug|Any CPU
		{3E277A05-8409-4FEF-8480-B6A0AABFF73E}.Debug|Any CPU.Build.0 = Debug|Any CPU
		{3E277A05-8409-4FEF-8480-B6A0AABFF73E}.Release|Any CPU.ActiveCfg = Release|Any CPU
		{3E277A05-8409-4FEF-8480-B6A0AABFF73E}.Release|Any CPU.Build.0 = Release|Any CPU
		{744CEBA3-3FD9-4852-BB89-4D7227664BCF}.Debug|Any CPU.ActiveCfg = Debug|Any CPU
		{744CEBA3-3FD9-4852-BB89-4D7227664BCF}.Debug|Any CPU.Build.0 = Debug|Any CPU
		{744CEBA3-3FD9-4852-BB89-4D7227664BCF}.Release|Any CPU.ActiveCfg = Release|Any CPU
		{744CEBA3-3FD9-4852-BB89-4D7227664BCF}.Release|Any CPU.Build.0 = Release|Any CPU
		{2D45FCA1-1503-4471-926B-27D6457988F3}.Debug|Any CPU.ActiveCfg = Debug|Any CPU
		{2D45FCA1-1503-4471-926B-27D6457988F3}.Debug|Any CPU.Build.0 = Debug|Any CPU
		{2D45FCA1-1503-4471-926B-27D6457988F3}.Release|Any CPU.ActiveCfg = Release|Any CPU
		{2D45FCA1-1503-4471-926B-27D6457988F3}.Release|Any CPU.Build.0 = Release|Any CPU
		{4C6F0AA2-A1F1-49A6-A2C8-A8D33D36F2DB}.Debug|Any CPU.ActiveCfg = Debug|Any CPU
		{4C6F0AA2-A1F1-49A6-A2C8-A8D33D36F2DB}.Debug|Any CPU.Build.0 = Debug|Any CPU
		{4C6F0AA2-A1F1-49A6-A2C8-A8D33D36F2DB}.Release|Any CPU.ActiveCfg = Release|Any CPU
		{4C6F0AA2-A1F1-49A6-A2C8-A8D33D36F2DB}.Release|Any CPU.Build.0 = Release|Any CPU
		{CEB02ADA-9D3F-4AB6-97A0-F98776722477}.Debug|Any CPU.ActiveCfg = Debug|Any CPU
		{CEB02ADA-9D3F-4AB6-97A0-F98776722477}.Debug|Any CPU.Build.0 = Debug|Any CPU
		{CEB02ADA-9D3F-4AB6-97A0-F98776722477}.Release|Any CPU.ActiveCfg = Release|Any CPU
		{CEB02ADA-9D3F-4AB6-97A0-F98776722477}.Release|Any CPU.Build.0 = Release|Any CPU
	EndGlobalSection
	GlobalSection(NestedProjects) = preSolution
		{2D45FCA1-1503-4471-926B-27D6457988F3} = {28E30D2C-91AA-4DE6-BC65-8802115E151A}
		{4C6F0AA2-A1F1-49A6-A2C8-A8D33D36F2DB} = {28E30D2C-91AA-4DE6-BC65-8802115E151A}
		{CEB02ADA-9D3F-4AB6-97A0-F98776722477} = {28E30D2C-91AA-4DE6-BC65-8802115E151A}
	EndGlobalSection
EndGlobal
